
Microsoft Visual Studio Solution File, Format Version 12.00
# Visual Studio Version 16
VisualStudioVersion = 16.0.32228.343
MinimumVisualStudioVersion = 10.0.40219.1
Project("{FAE04EC0-301F-11D3-BF4B-00C04F79EFBC}") = "CV html", "CV html\CV html.csproj", "{5CC0B3A9-4F3A-4D1C-976D-FCA487A11BAD}"
EndProject
Global
	GlobalSection(SolutionConfigurationPlatforms) = preSolution
		Debug|Any CPU = Debug|Any CPU
		Release|Any CPU = Release|Any CPU
	EndGlobalSection
	GlobalSection(ProjectConfigurationPlatforms) = postSolution
		{5CC0B3A9-4F3A-4D1C-976D-FCA487A11BAD}.Debug|Any CPU.ActiveCfg = Debug|Any CPU
		{5CC0B3A9-4F3A-4D1C-976D-FCA487A11BAD}.Debug|Any CPU.Build.0 = Debug|Any CPU
		{5CC0B3A9-4F3A-4D1C-976D-FCA487A11BAD}.Release|Any CPU.ActiveCfg = Release|Any CPU
		{5CC0B3A9-4F3A-4D1C-976D-FCA487A11BAD}.Release|Any CPU.Build.0 = Release|Any CPU
	EndGlobalSection
	GlobalSection(SolutionProperties) = preSolution
		HideSolutionNode = FALSE
	EndGlobalSection
	GlobalSection(ExtensibilityGlobals) = postSolution
		SolutionGuid = {B11A22BB-9E3B-4CD2-808F-7A94328ECF7E}
	EndGlobalSection
EndGlobal
